
Microsoft Visual Studio Solution File, Format Version 12.00
# Visual Studio Version 16
VisualStudioVersion = 16.0.32106.194
MinimumVisualStudioVersion = 10.0.40219.1
Project("{FAE04EC0-301F-11D3-BF4B-00C04F79EFBC}") = "CarPricer", "CarPricer\CarPricer.csproj", "{B314F431-6AEE-4A3B-982C-228AC9BD7320}"
EndProject
Global
	GlobalSection(SolutionConfigurationPlatforms) = preSolution
		Debug|Any CPU = Debug|Any CPU
		Release|Any CPU = Release|Any CPU
	EndGlobalSection
	GlobalSection(ProjectConfigurationPlatforms) = postSolution
		{B314F431-6AEE-4A3B-982C-228AC9BD7320}.Debug|Any CPU.ActiveCfg = Debug|Any CPU
		{B314F431-6AEE-4A3B-982C-228AC9BD7320}.Debug|Any CPU.Build.0 = Debug|Any CPU
		{B314F431-6AEE-4A3B-982C-228AC9BD7320}.Release|Any CPU.ActiveCfg = Release|Any CPU
		{B314F431-6AEE-4A3B-982C-228AC9BD7320}.Release|Any CPU.Build.0 = Release|Any CPU
	EndGlobalSection
	GlobalSection(SolutionProperties) = preSolution
		HideSolutionNode = FALSE
	EndGlobalSection
	GlobalSection(ExtensibilityGlobals) = postSolution
		SolutionGuid = {B8C1727F-B429-4B1D-B86D-EE4DAFAB74C0}
	EndGlobalSection
EndGlobal
